
Microsoft Visual Studio Solution File, Format Version 12.00
# Visual Studio Version 16
VisualStudioVersion = 16.0.31229.75
MinimumVisualStudioVersion = 10.0.40219.1
Project("{9A19103F-16F7-4668-BE54-9A1E7A4F7556}") = "Chapter1", "src\Chapter1\Chapter1.csproj", "{EBC0C5F5-D861-446C-8F66-CCAC8E6D9283}"
EndProject
Project("{2150E333-8FDC-42A3-9474-1A3956D46DE8}") = "Test", "Test", "{8C25BEA8-0419-4CF2-BB67-C15B80DB6ADF}"
EndProject
Project("{FAE04EC0-301F-11D3-BF4B-00C04F79EFBC}") = "Chapter1", "test\Chapter1\Chapter1.csproj", "{78629534-6317-44CA-98D0-1F84A72A5A12}"
EndProject
Global
	GlobalSection(SolutionConfigurationPlatforms) = preSolution
		Debug|Any CPU = Debug|Any CPU
		Release|Any CPU = Release|Any CPU
	EndGlobalSection
	GlobalSection(ProjectConfigurationPlatforms) = postSolution
		{EBC0C5F5-D861-446C-8F66-CCAC8E6D9283}.Debug|Any CPU.ActiveCfg = Debug|Any CPU
		{EBC0C5F5-D861-446C-8F66-CCAC8E6D9283}.Debug|Any CPU.Build.0 = Debug|Any CPU
		{EBC0C5F5-D861-446C-8F66-CCAC8E6D9283}.Release|Any CPU.ActiveCfg = Release|Any CPU
		{EBC0C5F5-D861-446C-8F66-CCAC8E6D9283}.Release|Any CPU.Build.0 = Release|Any CPU
		{78629534-6317-44CA-98D0-1F84A72A5A12}.Debug|Any CPU.ActiveCfg = Debug|Any CPU
		{78629534-6317-44CA-98D0-1F84A72A5A12}.Debug|Any CPU.Build.0 = Debug|Any CPU
		{78629534-6317-44CA-98D0-1F84A72A5A12}.Release|Any CPU.ActiveCfg = Release|Any CPU
		{78629534-6317-44CA-98D0-1F84A72A5A12}.Release|Any CPU.Build.0 = Release|Any CPU
	EndGlobalSection
	GlobalSection(SolutionProperties) = preSolution
		HideSolutionNode = FALSE
	EndGlobalSection
	GlobalSection(NestedProjects) = preSolution
		{78629534-6317-44CA-98D0-1F84A72A5A12} = {8C25BEA8-0419-4CF2-BB67-C15B80DB6ADF}
	EndGlobalSection
	GlobalSection(ExtensibilityGlobals) = postSolution
		SolutionGuid = {851A6A2D-DDAF-4B56-860C-4D70AD635CF5}
	EndGlobalSection
EndGlobal
